// !$*UTF8*$!
{
	archiveVersion = 1;
	classes = {
	};
	objectVersion = 55;
	objects = {

/* Begin PBXBuildFile section */
		1E43BF1F29D44ECA00C718D4 /* CellIdentifiable.swift in Sources */ = {isa = PBXBuildFile; fileRef = 1E43BF1E29D44ECA00C718D4 /* CellIdentifiable.swift */; };
		1E66CA5E29D2B53700EA117A /* RoundedPaddingLabel.swift in Sources */ = {isa = PBXBuildFile; fileRef = 1E66CA5D29D2B53700EA117A /* RoundedPaddingLabel.swift */; };
		1E66CA6029D2BA4100EA117A /* Padding.swift in Sources */ = {isa = PBXBuildFile; fileRef = 1E66CA5F29D2BA4100EA117A /* Padding.swift */; };
		1E66CA6329D2BF8300EA117A /* UIStackView+AddArrangedSubviews.swift in Sources */ = {isa = PBXBuildFile; fileRef = 1E66CA6229D2BF8300EA117A /* UIStackView+AddArrangedSubviews.swift */; };
		1E66CA6529D31D7300EA117A /* RepositoryViewCell.swift in Sources */ = {isa = PBXBuildFile; fileRef = 1E66CA6429D31D7300EA117A /* RepositoryViewCell.swift */; };
		1E66CA6729D31D9700EA117A /* RepositoryCellViewModel.swift in Sources */ = {isa = PBXBuildFile; fileRef = 1E66CA6629D31D9700EA117A /* RepositoryCellViewModel.swift */; };
		1E66CA6929D335D400EA117A /* CustomColor.swift in Sources */ = {isa = PBXBuildFile; fileRef = 1E66CA6829D335D400EA117A /* CustomColor.swift */; };
		1E8FB80C29D08BA000847578 /* AppDelegate.swift in Sources */ = {isa = PBXBuildFile; fileRef = 1E8FB80B29D08BA000847578 /* AppDelegate.swift */; };
		1E8FB80E29D08BA000847578 /* SceneDelegate.swift in Sources */ = {isa = PBXBuildFile; fileRef = 1E8FB80D29D08BA000847578 /* SceneDelegate.swift */; };
		1E8FB81529D08BA100847578 /* Assets.xcassets in Resources */ = {isa = PBXBuildFile; fileRef = 1E8FB81429D08BA100847578 /* Assets.xcassets */; };
		1E8FB81829D08BA100847578 /* LaunchScreen.storyboard in Resources */ = {isa = PBXBuildFile; fileRef = 1E8FB81629D08BA100847578 /* LaunchScreen.storyboard */; };
		1E8FB82329D08BA100847578 /* MyGitHubTrackerTests.swift in Sources */ = {isa = PBXBuildFile; fileRef = 1E8FB82229D08BA100847578 /* MyGitHubTrackerTests.swift */; };
		1E8FB82D29D08BA100847578 /* MyGitHubTrackerUITests.swift in Sources */ = {isa = PBXBuildFile; fileRef = 1E8FB82C29D08BA100847578 /* MyGitHubTrackerUITests.swift */; };
		1E8FB82F29D08BA100847578 /* MyGitHubTrackerUITestsLaunchTests.swift in Sources */ = {isa = PBXBuildFile; fileRef = 1E8FB82E29D08BA100847578 /* MyGitHubTrackerUITestsLaunchTests.swift */; };
		1E8FB84329D08E4400847578 /* MVVMInterface.swift in Sources */ = {isa = PBXBuildFile; fileRef = 1E8FB84229D08E4400847578 /* MVVMInterface.swift */; };
		1E8FB84829D08EBE00847578 /* Coordinator.swift in Sources */ = {isa = PBXBuildFile; fileRef = 1E8FB84729D08EBE00847578 /* Coordinator.swift */; };
		1E8FB84B29D08F0500847578 /* CoordinatorType.swift in Sources */ = {isa = PBXBuildFile; fileRef = 1E8FB84A29D08F0500847578 /* CoordinatorType.swift */; };
		1E8FB85429D0954500847578 /* GitHubClientKey.plist in Resources */ = {isa = PBXBuildFile; fileRef = 1E8FB85329D0954500847578 /* GitHubClientKey.plist */; };
		1E8FB85629D099E000847578 /* DefaultAppCoordinator.swift in Sources */ = {isa = PBXBuildFile; fileRef = 1E8FB85529D099E000847578 /* DefaultAppCoordinator.swift */; };
		1E8FB85829D099F500847578 /* AppCoordinator.swift in Sources */ = {isa = PBXBuildFile; fileRef = 1E8FB85729D099F500847578 /* AppCoordinator.swift */; };
		1E8FB85A29D099FB00847578 /* AppCoordinateAction.swift in Sources */ = {isa = PBXBuildFile; fileRef = 1E8FB85929D099FB00847578 /* AppCoordinateAction.swift */; };
		1E8FB85D29D09A2600847578 /* Constant.swift in Sources */ = {isa = PBXBuildFile; fileRef = 1E8FB85C29D09A2600847578 /* Constant.swift */; };
		1E8FB85F29D09A4100847578 /* AccessToken.swift in Sources */ = {isa = PBXBuildFile; fileRef = 1E8FB85E29D09A4100847578 /* AccessToken.swift */; };
		1E8FB86229D09A5C00847578 /* UserDefaultsValue.swift in Sources */ = {isa = PBXBuildFile; fileRef = 1E8FB86129D09A5C00847578 /* UserDefaultsValue.swift */; };
		1E8FB86429D09A6300847578 /* KeychainValue.swift in Sources */ = {isa = PBXBuildFile; fileRef = 1E8FB86329D09A6300847578 /* KeychainValue.swift */; };
		1E8FB86729D09A8600847578 /* Bundle+GitHubClientKey.swift in Sources */ = {isa = PBXBuildFile; fileRef = 1E8FB86629D09A8600847578 /* Bundle+GitHubClientKey.swift */; };
		1E8FB86B29D12B9600847578 /* LoginViewController.swift in Sources */ = {isa = PBXBuildFile; fileRef = 1E8FB86A29D12B9600847578 /* LoginViewController.swift */; };
		1E8FB86D29D12B9B00847578 /* LoginViewModel.swift in Sources */ = {isa = PBXBuildFile; fileRef = 1E8FB86C29D12B9B00847578 /* LoginViewModel.swift */; };
		1E8FB87129D12C4000847578 /* GitHubAPI.swift in Sources */ = {isa = PBXBuildFile; fileRef = 1E8FB87029D12C4000847578 /* GitHubAPI.swift */; };
		1E8FB87329D12C5000847578 /* HTTPMethod.swift in Sources */ = {isa = PBXBuildFile; fileRef = 1E8FB87229D12C5000847578 /* HTTPMethod.swift */; };
		1E8FB87529D12C5800847578 /* TargetType.swift in Sources */ = {isa = PBXBuildFile; fileRef = 1E8FB87429D12C5800847578 /* TargetType.swift */; };
		1E8FB87729D12C6400847578 /* NetworkError.swift in Sources */ = {isa = PBXBuildFile; fileRef = 1E8FB87629D12C6400847578 /* NetworkError.swift */; };
		1E8FB87A29D12CE900847578 /* URLSessionNetworkService.swift in Sources */ = {isa = PBXBuildFile; fileRef = 1E8FB87929D12CE900847578 /* URLSessionNetworkService.swift */; };
		1E8FB87C29D12CF800847578 /* DefaultGitHubAuthorizationService.swift in Sources */ = {isa = PBXBuildFile; fileRef = 1E8FB87B29D12CF800847578 /* DefaultGitHubAuthorizationService.swift */; };
		1E8FB87F29D12DC800847578 /* TokenDTO.swift in Sources */ = {isa = PBXBuildFile; fileRef = 1E8FB87E29D12DC800847578 /* TokenDTO.swift */; };
		1E8FB88729D12E6F00847578 /* LoginUseCase.swift in Sources */ = {isa = PBXBuildFile; fileRef = 1E8FB88629D12E6F00847578 /* LoginUseCase.swift */; };
		1E8FB88D29D12EF000847578 /* DefaultLoginUseCase.swift in Sources */ = {isa = PBXBuildFile; fileRef = 1E8FB88C29D12EF000847578 /* DefaultLoginUseCase.swift */; };
		1E8FB89129D12F4800847578 /* LoginRepository.swift in Sources */ = {isa = PBXBuildFile; fileRef = 1E8FB89029D12F4800847578 /* LoginRepository.swift */; };
		1E8FB89329D12F7500847578 /* DefaultLoginRepository.swift in Sources */ = {isa = PBXBuildFile; fileRef = 1E8FB89229D12F7500847578 /* DefaultLoginRepository.swift */; };
		1E8FB89629D12FA700847578 /* Container.swift in Sources */ = {isa = PBXBuildFile; fileRef = 1E8FB89529D12FA700847578 /* Container.swift */; };
		1E8FB89829D12FAA00847578 /* Inject.swift in Sources */ = {isa = PBXBuildFile; fileRef = 1E8FB89729D12FAA00847578 /* Inject.swift */; };
		1E8FB89C29D14E6800847578 /* Rx+decodeMap.swift in Sources */ = {isa = PBXBuildFile; fileRef = 1E8FB89B29D14E6800847578 /* Rx+decodeMap.swift */; };
		1E8FB8A129D14F5D00847578 /* UserDTO.swift in Sources */ = {isa = PBXBuildFile; fileRef = 1E8FB8A029D14F5D00847578 /* UserDTO.swift */; };
		1E8FB8A329D14F6700847578 /* RepositoryDTO.swift in Sources */ = {isa = PBXBuildFile; fileRef = 1E8FB8A229D14F6700847578 /* RepositoryDTO.swift */; };
		1E8FB8A529D14FD600847578 /* AnyTransformer.swift in Sources */ = {isa = PBXBuildFile; fileRef = 1E8FB8A429D14FD600847578 /* AnyTransformer.swift */; };
		1E8FB8A829D14FE900847578 /* Transformable.swift in Sources */ = {isa = PBXBuildFile; fileRef = 1E8FB8A729D14FE900847578 /* Transformable.swift */; };
		1E8FB8AA29D150CB00847578 /* UserEntity.swift in Sources */ = {isa = PBXBuildFile; fileRef = 1E8FB8A929D150CB00847578 /* UserEntity.swift */; };
		1E8FB8AC29D150D000847578 /* RepositoryEntity.swift in Sources */ = {isa = PBXBuildFile; fileRef = 1E8FB8AB29D150D000847578 /* RepositoryEntity.swift */; };
		1E8FB8AE29D150F000847578 /* UserTransformer.swift in Sources */ = {isa = PBXBuildFile; fileRef = 1E8FB8AD29D150F000847578 /* UserTransformer.swift */; };
		1E8FB8B029D150F500847578 /* RepositoryTransformer.swift in Sources */ = {isa = PBXBuildFile; fileRef = 1E8FB8AF29D150F500847578 /* RepositoryTransformer.swift */; };
		1E8FB8B229D1513400847578 /* String+toDateFormat.swift in Sources */ = {isa = PBXBuildFile; fileRef = 1E8FB8B129D1513400847578 /* String+toDateFormat.swift */; };
		1E8FB8B429D151C600847578 /* DefaultRepoListUseCase.swift in Sources */ = {isa = PBXBuildFile; fileRef = 1E8FB8B329D151C600847578 /* DefaultRepoListUseCase.swift */; };
		1E8FB8B629D151DC00847578 /* DefaultAccountUseCase.swift in Sources */ = {isa = PBXBuildFile; fileRef = 1E8FB8B529D151DC00847578 /* DefaultAccountUseCase.swift */; };
		1E8FB8B829D1521E00847578 /* AccountUseCase.swift in Sources */ = {isa = PBXBuildFile; fileRef = 1E8FB8B729D1521E00847578 /* AccountUseCase.swift */; };
		1E8FB8BA29D1522600847578 /* RepoListUseCase.swift in Sources */ = {isa = PBXBuildFile; fileRef = 1E8FB8B929D1522600847578 /* RepoListUseCase.swift */; };
		1E8FB8BC29D1530800847578 /* DefaultRepoListRepository.swift in Sources */ = {isa = PBXBuildFile; fileRef = 1E8FB8BB29D1530800847578 /* DefaultRepoListRepository.swift */; };
		1E8FB8BE29D1532300847578 /* DefaultAccountRepository.swift in Sources */ = {isa = PBXBuildFile; fileRef = 1E8FB8BD29D1532300847578 /* DefaultAccountRepository.swift */; };
		1E8FB8C029D1539800847578 /* RepoListRepository.swift in Sources */ = {isa = PBXBuildFile; fileRef = 1E8FB8BF29D1539800847578 /* RepoListRepository.swift */; };
		1E8FB8C229D153A700847578 /* AccountRepository.swift in Sources */ = {isa = PBXBuildFile; fileRef = 1E8FB8C129D153A700847578 /* AccountRepository.swift */; };
		1E8FB8C429D155AB00847578 /* Rx+transformMap.swift in Sources */ = {isa = PBXBuildFile; fileRef = 1E8FB8C329D155AB00847578 /* Rx+transformMap.swift */; };
		1E8FB8C929D1583200847578 /* RepoListViewModel.swift in Sources */ = {isa = PBXBuildFile; fileRef = 1E8FB8C829D1583200847578 /* RepoListViewModel.swift */; };
		1E8FB8CB29D1583C00847578 /* RepoListViewController.swift in Sources */ = {isa = PBXBuildFile; fileRef = 1E8FB8CA29D1583C00847578 /* RepoListViewController.swift */; };
		1E8FB8CD29D1584B00847578 /* DefaultRepoListCoordinator.swift in Sources */ = {isa = PBXBuildFile; fileRef = 1E8FB8CC29D1584B00847578 /* DefaultRepoListCoordinator.swift */; };
		1E8FB8CF29D1588B00847578 /* DefaultAccountCoordinator.swift in Sources */ = {isa = PBXBuildFile; fileRef = 1E8FB8CE29D1588B00847578 /* DefaultAccountCoordinator.swift */; };
		1E8FB8D129D1589D00847578 /* AccountViewController.swift in Sources */ = {isa = PBXBuildFile; fileRef = 1E8FB8D029D1589D00847578 /* AccountViewController.swift */; };
		1E8FB8D329D158AF00847578 /* AccountViewModel.swift in Sources */ = {isa = PBXBuildFile; fileRef = 1E8FB8D229D158AF00847578 /* AccountViewModel.swift */; };
		1E8FB8D529D158D800847578 /* RepoListCoordinateAction.swift in Sources */ = {isa = PBXBuildFile; fileRef = 1E8FB8D429D158D800847578 /* RepoListCoordinateAction.swift */; };
		1E8FB8D729D158E300847578 /* AccountCoordinateAction.swift in Sources */ = {isa = PBXBuildFile; fileRef = 1E8FB8D629D158E300847578 /* AccountCoordinateAction.swift */; };
		1E8FB8D929D158FB00847578 /* RepoListCoordinator.swift in Sources */ = {isa = PBXBuildFile; fileRef = 1E8FB8D829D158FB00847578 /* RepoListCoordinator.swift */; };
		1E8FB8DB29D1590B00847578 /* AccountCoordinator.swift in Sources */ = {isa = PBXBuildFile; fileRef = 1E8FB8DA29D1590B00847578 /* AccountCoordinator.swift */; };
		1E8FB8DF29D1596400847578 /* DefaultHomeCoordinator.swift in Sources */ = {isa = PBXBuildFile; fileRef = 1E8FB8DE29D1596400847578 /* DefaultHomeCoordinator.swift */; };
		1E8FB8E229D167BE00847578 /* ToastLabel.swift in Sources */ = {isa = PBXBuildFile; fileRef = 1E8FB8E129D167BE00847578 /* ToastLabel.swift */; };
		1E8FB8E429D250FD00847578 /* CustomLogger.swift in Sources */ = {isa = PBXBuildFile; fileRef = 1E8FB8E329D250FD00847578 /* CustomLogger.swift */; };
		1E8FB8E629D2512300847578 /* OSLog+LogCategory.swift in Sources */ = {isa = PBXBuildFile; fileRef = 1E8FB8E529D2512300847578 /* OSLog+LogCategory.swift */; };
		1E8FB8E929D251D500847578 /* Rx+OSLog+logErrorAndMapToastMessage.swift in Sources */ = {isa = PBXBuildFile; fileRef = 1E8FB8E829D251D500847578 /* Rx+OSLog+logErrorAndMapToastMessage.swift */; };
		1E8FB8EC29D254CE00847578 /* ToastError.swift in Sources */ = {isa = PBXBuildFile; fileRef = 1E8FB8EB29D254CE00847578 /* ToastError.swift */; };
		4098E2CC4C6496DCFA4F2EF7 /* Pods_MyGitHubTracker_MyGitHubTrackerUITests.framework in Frameworks */ = {isa = PBXBuildFile; fileRef = EFA9D444EAB6116527466096 /* Pods_MyGitHubTracker_MyGitHubTrackerUITests.framework */; };
		C4444B5041DD4D03FDF48A8D /* Pods_MyGitHubTrackerTests.framework in Frameworks */ = {isa = PBXBuildFile; fileRef = B0F2A2752A2A80785F305D8C /* Pods_MyGitHubTrackerTests.framework */; };
		C86B5D8FC92057B8EC53B524 /* Pods_MyGitHubTracker.framework in Frameworks */ = {isa = PBXBuildFile; fileRef = D0E9D353D9675CEA4675B41A /* Pods_MyGitHubTracker.framework */; };
/* End PBXBuildFile section */

/* Begin PBXContainerItemProxy section */
		1E8FB81F29D08BA100847578 /* PBXContainerItemProxy */ = {
			isa = PBXContainerItemProxy;
			containerPortal = 1E8FB80029D08BA000847578 /* Project object */;
			proxyType = 1;
			remoteGlobalIDString = 1E8FB80729D08BA000847578;
			remoteInfo = MyGitHubTracker;
		};
		1E8FB82929D08BA100847578 /* PBXContainerItemProxy */ = {
			isa = PBXContainerItemProxy;
			containerPortal = 1E8FB80029D08BA000847578 /* Project object */;
			proxyType = 1;
			remoteGlobalIDString = 1E8FB80729D08BA000847578;
			remoteInfo = MyGitHubTracker;
		};
/* End PBXContainerItemProxy section */

/* Begin PBXFileReference section */
		1E43BF1E29D44ECA00C718D4 /* CellIdentifiable.swift */ = {isa = PBXFileReference; lastKnownFileType = sourcecode.swift; path = CellIdentifiable.swift; sourceTree = "<group>"; };
		1E66CA5D29D2B53700EA117A /* RoundedPaddingLabel.swift */ = {isa = PBXFileReference; lastKnownFileType = sourcecode.swift; path = RoundedPaddingLabel.swift; sourceTree = "<group>"; };
		1E66CA5F29D2BA4100EA117A /* Padding.swift */ = {isa = PBXFileReference; lastKnownFileType = sourcecode.swift; path = Padding.swift; sourceTree = "<group>"; };
		1E66CA6229D2BF8300EA117A /* UIStackView+AddArrangedSubviews.swift */ = {isa = PBXFileReference; lastKnownFileType = sourcecode.swift; path = "UIStackView+AddArrangedSubviews.swift"; sourceTree = "<group>"; };
		1E66CA6429D31D7300EA117A /* RepositoryViewCell.swift */ = {isa = PBXFileReference; lastKnownFileType = sourcecode.swift; path = RepositoryViewCell.swift; sourceTree = "<group>"; };
		1E66CA6629D31D9700EA117A /* RepositoryCellViewModel.swift */ = {isa = PBXFileReference; lastKnownFileType = sourcecode.swift; path = RepositoryCellViewModel.swift; sourceTree = "<group>"; };
		1E66CA6829D335D400EA117A /* CustomColor.swift */ = {isa = PBXFileReference; lastKnownFileType = sourcecode.swift; path = CustomColor.swift; sourceTree = "<group>"; };
		1E8FB80829D08BA000847578 /* MyGitHubTracker.app */ = {isa = PBXFileReference; explicitFileType = wrapper.application; includeInIndex = 0; path = MyGitHubTracker.app; sourceTree = BUILT_PRODUCTS_DIR; };
		1E8FB80B29D08BA000847578 /* AppDelegate.swift */ = {isa = PBXFileReference; lastKnownFileType = sourcecode.swift; path = AppDelegate.swift; sourceTree = "<group>"; };
		1E8FB80D29D08BA000847578 /* SceneDelegate.swift */ = {isa = PBXFileReference; lastKnownFileType = sourcecode.swift; path = SceneDelegate.swift; sourceTree = "<group>"; };
		1E8FB81429D08BA100847578 /* Assets.xcassets */ = {isa = PBXFileReference; lastKnownFileType = folder.assetcatalog; path = Assets.xcassets; sourceTree = "<group>"; };
		1E8FB81729D08BA100847578 /* Base */ = {isa = PBXFileReference; lastKnownFileType = file.storyboard; name = Base; path = Base.lproj/LaunchScreen.storyboard; sourceTree = "<group>"; };
		1E8FB81929D08BA100847578 /* Info.plist */ = {isa = PBXFileReference; lastKnownFileType = text.plist.xml; name = Info.plist; path = MyGitHubTracker/PropertyList/Info.plist; sourceTree = SOURCE_ROOT; };
		1E8FB81E29D08BA100847578 /* MyGitHubTrackerTests.xctest */ = {isa = PBXFileReference; explicitFileType = wrapper.cfbundle; includeInIndex = 0; path = MyGitHubTrackerTests.xctest; sourceTree = BUILT_PRODUCTS_DIR; };
		1E8FB82229D08BA100847578 /* MyGitHubTrackerTests.swift */ = {isa = PBXFileReference; lastKnownFileType = sourcecode.swift; path = MyGitHubTrackerTests.swift; sourceTree = "<group>"; };
		1E8FB82829D08BA100847578 /* MyGitHubTrackerUITests.xctest */ = {isa = PBXFileReference; explicitFileType = wrapper.cfbundle; includeInIndex = 0; path = MyGitHubTrackerUITests.xctest; sourceTree = BUILT_PRODUCTS_DIR; };
		1E8FB82C29D08BA100847578 /* MyGitHubTrackerUITests.swift */ = {isa = PBXFileReference; lastKnownFileType = sourcecode.swift; path = MyGitHubTrackerUITests.swift; sourceTree = "<group>"; };
		1E8FB82E29D08BA100847578 /* MyGitHubTrackerUITestsLaunchTests.swift */ = {isa = PBXFileReference; lastKnownFileType = sourcecode.swift; path = MyGitHubTrackerUITestsLaunchTests.swift; sourceTree = "<group>"; };
		1E8FB84229D08E4400847578 /* MVVMInterface.swift */ = {isa = PBXFileReference; lastKnownFileType = sourcecode.swift; path = MVVMInterface.swift; sourceTree = "<group>"; };
		1E8FB84729D08EBE00847578 /* Coordinator.swift */ = {isa = PBXFileReference; lastKnownFileType = sourcecode.swift; path = Coordinator.swift; sourceTree = "<group>"; };
		1E8FB84A29D08F0500847578 /* CoordinatorType.swift */ = {isa = PBXFileReference; lastKnownFileType = sourcecode.swift; path = CoordinatorType.swift; sourceTree = "<group>"; };
		1E8FB85329D0954500847578 /* GitHubClientKey.plist */ = {isa = PBXFileReference; lastKnownFileType = text.plist.xml; path = GitHubClientKey.plist; sourceTree = "<group>"; };
		1E8FB85529D099E000847578 /* DefaultAppCoordinator.swift */ = {isa = PBXFileReference; lastKnownFileType = sourcecode.swift; path = DefaultAppCoordinator.swift; sourceTree = "<group>"; };
		1E8FB85729D099F500847578 /* AppCoordinator.swift */ = {isa = PBXFileReference; lastKnownFileType = sourcecode.swift; path = AppCoordinator.swift; sourceTree = "<group>"; };
		1E8FB85929D099FB00847578 /* AppCoordinateAction.swift */ = {isa = PBXFileReference; lastKnownFileType = sourcecode.swift; path = AppCoordinateAction.swift; sourceTree = "<group>"; };
		1E8FB85C29D09A2600847578 /* Constant.swift */ = {isa = PBXFileReference; lastKnownFileType = sourcecode.swift; path = Constant.swift; sourceTree = "<group>"; };
		1E8FB85E29D09A4100847578 /* AccessToken.swift */ = {isa = PBXFileReference; lastKnownFileType = sourcecode.swift; path = AccessToken.swift; sourceTree = "<group>"; };
		1E8FB86129D09A5C00847578 /* UserDefaultsValue.swift */ = {isa = PBXFileReference; lastKnownFileType = sourcecode.swift; path = UserDefaultsValue.swift; sourceTree = "<group>"; };
		1E8FB86329D09A6300847578 /* KeychainValue.swift */ = {isa = PBXFileReference; lastKnownFileType = sourcecode.swift; path = KeychainValue.swift; sourceTree = "<group>"; };
		1E8FB86629D09A8600847578 /* Bundle+GitHubClientKey.swift */ = {isa = PBXFileReference; lastKnownFileType = sourcecode.swift; path = "Bundle+GitHubClientKey.swift"; sourceTree = "<group>"; };
		1E8FB86A29D12B9600847578 /* LoginViewController.swift */ = {isa = PBXFileReference; lastKnownFileType = sourcecode.swift; path = LoginViewController.swift; sourceTree = "<group>"; };
		1E8FB86C29D12B9B00847578 /* LoginViewModel.swift */ = {isa = PBXFileReference; lastKnownFileType = sourcecode.swift; path = LoginViewModel.swift; sourceTree = "<group>"; };
		1E8FB87029D12C4000847578 /* GitHubAPI.swift */ = {isa = PBXFileReference; lastKnownFileType = sourcecode.swift; path = GitHubAPI.swift; sourceTree = "<group>"; };
		1E8FB87229D12C5000847578 /* HTTPMethod.swift */ = {isa = PBXFileReference; lastKnownFileType = sourcecode.swift; path = HTTPMethod.swift; sourceTree = "<group>"; };
		1E8FB87429D12C5800847578 /* TargetType.swift */ = {isa = PBXFileReference; lastKnownFileType = sourcecode.swift; path = TargetType.swift; sourceTree = "<group>"; };
		1E8FB87629D12C6400847578 /* NetworkError.swift */ = {isa = PBXFileReference; lastKnownFileType = sourcecode.swift; path = NetworkError.swift; sourceTree = "<group>"; };
		1E8FB87929D12CE900847578 /* URLSessionNetworkService.swift */ = {isa = PBXFileReference; lastKnownFileType = sourcecode.swift; path = URLSessionNetworkService.swift; sourceTree = "<group>"; };
		1E8FB87B29D12CF800847578 /* DefaultGitHubAuthorizationService.swift */ = {isa = PBXFileReference; lastKnownFileType = sourcecode.swift; path = DefaultGitHubAuthorizationService.swift; sourceTree = "<group>"; };
		1E8FB87E29D12DC800847578 /* TokenDTO.swift */ = {isa = PBXFileReference; lastKnownFileType = sourcecode.swift; path = TokenDTO.swift; sourceTree = "<group>"; };
		1E8FB88629D12E6F00847578 /* LoginUseCase.swift */ = {isa = PBXFileReference; lastKnownFileType = sourcecode.swift; path = LoginUseCase.swift; sourceTree = "<group>"; };
		1E8FB88C29D12EF000847578 /* DefaultLoginUseCase.swift */ = {isa = PBXFileReference; lastKnownFileType = sourcecode.swift; path = DefaultLoginUseCase.swift; sourceTree = "<group>"; };
		1E8FB89029D12F4800847578 /* LoginRepository.swift */ = {isa = PBXFileReference; lastKnownFileType = sourcecode.swift; path = LoginRepository.swift; sourceTree = "<group>"; };
		1E8FB89229D12F7500847578 /* DefaultLoginRepository.swift */ = {isa = PBXFileReference; lastKnownFileType = sourcecode.swift; path = DefaultLoginRepository.swift; sourceTree = "<group>"; };
		1E8FB89529D12FA700847578 /* Container.swift */ = {isa = PBXFileReference; lastKnownFileType = sourcecode.swift; path = Container.swift; sourceTree = "<group>"; };
		1E8FB89729D12FAA00847578 /* Inject.swift */ = {isa = PBXFileReference; lastKnownFileType = sourcecode.swift; path = Inject.swift; sourceTree = "<group>"; };
		1E8FB89B29D14E6800847578 /* Rx+decodeMap.swift */ = {isa = PBXFileReference; lastKnownFileType = sourcecode.swift; path = "Rx+decodeMap.swift"; sourceTree = "<group>"; };
		1E8FB8A029D14F5D00847578 /* UserDTO.swift */ = {isa = PBXFileReference; lastKnownFileType = sourcecode.swift; path = UserDTO.swift; sourceTree = "<group>"; };
		1E8FB8A229D14F6700847578 /* RepositoryDTO.swift */ = {isa = PBXFileReference; lastKnownFileType = sourcecode.swift; path = RepositoryDTO.swift; sourceTree = "<group>"; };
		1E8FB8A429D14FD600847578 /* AnyTransformer.swift */ = {isa = PBXFileReference; lastKnownFileType = sourcecode.swift; path = AnyTransformer.swift; sourceTree = "<group>"; };
		1E8FB8A729D14FE900847578 /* Transformable.swift */ = {isa = PBXFileReference; lastKnownFileType = sourcecode.swift; path = Transformable.swift; sourceTree = "<group>"; };
		1E8FB8A929D150CB00847578 /* UserEntity.swift */ = {isa = PBXFileReference; lastKnownFileType = sourcecode.swift; path = UserEntity.swift; sourceTree = "<group>"; };
		1E8FB8AB29D150D000847578 /* RepositoryEntity.swift */ = {isa = PBXFileReference; lastKnownFileType = sourcecode.swift; path = RepositoryEntity.swift; sourceTree = "<group>"; };
		1E8FB8AD29D150F000847578 /* UserTransformer.swift */ = {isa = PBXFileReference; lastKnownFileType = sourcecode.swift; path = UserTransformer.swift; sourceTree = "<group>"; };
		1E8FB8AF29D150F500847578 /* RepositoryTransformer.swift */ = {isa = PBXFileReference; lastKnownFileType = sourcecode.swift; path = RepositoryTransformer.swift; sourceTree = "<group>"; };
		1E8FB8B129D1513400847578 /* String+toDateFormat.swift */ = {isa = PBXFileReference; lastKnownFileType = sourcecode.swift; path = "String+toDateFormat.swift"; sourceTree = "<group>"; };
		1E8FB8B329D151C600847578 /* DefaultRepoListUseCase.swift */ = {isa = PBXFileReference; lastKnownFileType = sourcecode.swift; path = DefaultRepoListUseCase.swift; sourceTree = "<group>"; };
		1E8FB8B529D151DC00847578 /* DefaultAccountUseCase.swift */ = {isa = PBXFileReference; lastKnownFileType = sourcecode.swift; path = DefaultAccountUseCase.swift; sourceTree = "<group>"; };
		1E8FB8B729D1521E00847578 /* AccountUseCase.swift */ = {isa = PBXFileReference; lastKnownFileType = sourcecode.swift; path = AccountUseCase.swift; sourceTree = "<group>"; };
		1E8FB8B929D1522600847578 /* RepoListUseCase.swift */ = {isa = PBXFileReference; lastKnownFileType = sourcecode.swift; path = RepoListUseCase.swift; sourceTree = "<group>"; };
		1E8FB8BB29D1530800847578 /* DefaultRepoListRepository.swift */ = {isa = PBXFileReference; lastKnownFileType = sourcecode.swift; path = DefaultRepoListRepository.swift; sourceTree = "<group>"; };
		1E8FB8BD29D1532300847578 /* DefaultAccountRepository.swift */ = {isa = PBXFileReference; lastKnownFileType = sourcecode.swift; path = DefaultAccountRepository.swift; sourceTree = "<group>"; };
		1E8FB8BF29D1539800847578 /* RepoListRepository.swift */ = {isa = PBXFileReference; lastKnownFileType = sourcecode.swift; path = RepoListRepository.swift; sourceTree = "<group>"; };
		1E8FB8C129D153A700847578 /* AccountRepository.swift */ = {isa = PBXFileReference; lastKnownFileType = sourcecode.swift; path = AccountRepository.swift; sourceTree = "<group>"; };
		1E8FB8C329D155AB00847578 /* Rx+transformMap.swift */ = {isa = PBXFileReference; lastKnownFileType = sourcecode.swift; path = "Rx+transformMap.swift"; sourceTree = "<group>"; };
		1E8FB8C829D1583200847578 /* RepoListViewModel.swift */ = {isa = PBXFileReference; lastKnownFileType = sourcecode.swift; path = RepoListViewModel.swift; sourceTree = "<group>"; };
		1E8FB8CA29D1583C00847578 /* RepoListViewController.swift */ = {isa = PBXFileReference; lastKnownFileType = sourcecode.swift; path = RepoListViewController.swift; sourceTree = "<group>"; };
		1E8FB8CC29D1584B00847578 /* DefaultRepoListCoordinator.swift */ = {isa = PBXFileReference; lastKnownFileType = sourcecode.swift; path = DefaultRepoListCoordinator.swift; sourceTree = "<group>"; };
		1E8FB8CE29D1588B00847578 /* DefaultAccountCoordinator.swift */ = {isa = PBXFileReference; lastKnownFileType = sourcecode.swift; path = DefaultAccountCoordinator.swift; sourceTree = "<group>"; };
		1E8FB8D029D1589D00847578 /* AccountViewController.swift */ = {isa = PBXFileReference; lastKnownFileType = sourcecode.swift; path = AccountViewController.swift; sourceTree = "<group>"; };
		1E8FB8D229D158AF00847578 /* AccountViewModel.swift */ = {isa = PBXFileReference; lastKnownFileType = sourcecode.swift; path = AccountViewModel.swift; sourceTree = "<group>"; };
		1E8FB8D429D158D800847578 /* RepoListCoordinateAction.swift */ = {isa = PBXFileReference; lastKnownFileType = sourcecode.swift; path = RepoListCoordinateAction.swift; sourceTree = "<group>"; };
		1E8FB8D629D158E300847578 /* AccountCoordinateAction.swift */ = {isa = PBXFileReference; lastKnownFileType = sourcecode.swift; path = AccountCoordinateAction.swift; sourceTree = "<group>"; };
		1E8FB8D829D158FB00847578 /* RepoListCoordinator.swift */ = {isa = PBXFileReference; lastKnownFileType = sourcecode.swift; path = RepoListCoordinator.swift; sourceTree = "<group>"; };
		1E8FB8DA29D1590B00847578 /* AccountCoordinator.swift */ = {isa = PBXFileReference; lastKnownFileType = sourcecode.swift; path = AccountCoordinator.swift; sourceTree = "<group>"; };
		1E8FB8DE29D1596400847578 /* DefaultHomeCoordinator.swift */ = {isa = PBXFileReference; lastKnownFileType = sourcecode.swift; path = DefaultHomeCoordinator.swift; sourceTree = "<group>"; };
		1E8FB8E129D167BE00847578 /* ToastLabel.swift */ = {isa = PBXFileReference; lastKnownFileType = sourcecode.swift; path = ToastLabel.swift; sourceTree = "<group>"; };
		1E8FB8E329D250FD00847578 /* CustomLogger.swift */ = {isa = PBXFileReference; lastKnownFileType = sourcecode.swift; path = CustomLogger.swift; sourceTree = "<group>"; };
		1E8FB8E529D2512300847578 /* OSLog+LogCategory.swift */ = {isa = PBXFileReference; lastKnownFileType = sourcecode.swift; path = "OSLog+LogCategory.swift"; sourceTree = "<group>"; };
		1E8FB8E829D251D500847578 /* Rx+OSLog+logErrorAndMapToastMessage.swift */ = {isa = PBXFileReference; lastKnownFileType = sourcecode.swift; path = "Rx+OSLog+logErrorAndMapToastMessage.swift"; sourceTree = "<group>"; };
		1E8FB8EB29D254CE00847578 /* ToastError.swift */ = {isa = PBXFileReference; lastKnownFileType = sourcecode.swift; path = ToastError.swift; sourceTree = "<group>"; };
		2A11EF61278CA2268FFC28E7 /* Pods-MyGitHubTracker.debug.xcconfig */ = {isa = PBXFileReference; includeInIndex = 1; lastKnownFileType = text.xcconfig; name = "Pods-MyGitHubTracker.debug.xcconfig"; path = "Target Support Files/Pods-MyGitHubTracker/Pods-MyGitHubTracker.debug.xcconfig"; sourceTree = "<group>"; };
		67B45D26E868601C762F92A0 /* Pods-MyGitHubTracker.release.xcconfig */ = {isa = PBXFileReference; includeInIndex = 1; lastKnownFileType = text.xcconfig; name = "Pods-MyGitHubTracker.release.xcconfig"; path = "Target Support Files/Pods-MyGitHubTracker/Pods-MyGitHubTracker.release.xcconfig"; sourceTree = "<group>"; };
		B0F2A2752A2A80785F305D8C /* Pods_MyGitHubTrackerTests.framework */ = {isa = PBXFileReference; explicitFileType = wrapper.framework; includeInIndex = 0; path = Pods_MyGitHubTrackerTests.framework; sourceTree = BUILT_PRODUCTS_DIR; };
		CD1A6C154AA8C58337ABE8E3 /* Pods-MyGitHubTracker-MyGitHubTrackerUITests.release.xcconfig */ = {isa = PBXFileReference; includeInIndex = 1; lastKnownFileType = text.xcconfig; name = "Pods-MyGitHubTracker-MyGitHubTrackerUITests.release.xcconfig"; path = "Target Support Files/Pods-MyGitHubTracker-MyGitHubTrackerUITests/Pods-MyGitHubTracker-MyGitHubTrackerUITests.release.xcconfig"; sourceTree = "<group>"; };
		CF61DDB75A73B1DFB2FBB5AF /* Pods-MyGitHubTrackerTests.debug.xcconfig */ = {isa = PBXFileReference; includeInIndex = 1; lastKnownFileType = text.xcconfig; name = "Pods-MyGitHubTrackerTests.debug.xcconfig"; path = "Target Support Files/Pods-MyGitHubTrackerTests/Pods-MyGitHubTrackerTests.debug.xcconfig"; sourceTree = "<group>"; };
		D018BFBA04ABE55F3E22E27C /* Pods-MyGitHubTrackerTests.release.xcconfig */ = {isa = PBXFileReference; includeInIndex = 1; lastKnownFileType = text.xcconfig; name = "Pods-MyGitHubTrackerTests.release.xcconfig"; path = "Target Support Files/Pods-MyGitHubTrackerTests/Pods-MyGitHubTrackerTests.release.xcconfig"; sourceTree = "<group>"; };
		D0E9D353D9675CEA4675B41A /* Pods_MyGitHubTracker.framework */ = {isa = PBXFileReference; explicitFileType = wrapper.framework; includeInIndex = 0; path = Pods_MyGitHubTracker.framework; sourceTree = BUILT_PRODUCTS_DIR; };
		EFA9D444EAB6116527466096 /* Pods_MyGitHubTracker_MyGitHubTrackerUITests.framework */ = {isa = PBXFileReference; explicitFileType = wrapper.framework; includeInIndex = 0; path = Pods_MyGitHubTracker_MyGitHubTrackerUITests.framework; sourceTree = BUILT_PRODUCTS_DIR; };
		F2B79689A089067FB5B8989D /* Pods-MyGitHubTracker-MyGitHubTrackerUITests.debug.xcconfig */ = {isa = PBXFileReference; includeInIndex = 1; lastKnownFileType = text.xcconfig; name = "Pods-MyGitHubTracker-MyGitHubTrackerUITests.debug.xcconfig"; path = "Target Support Files/Pods-MyGitHubTracker-MyGitHubTrackerUITests/Pods-MyGitHubTracker-MyGitHubTrackerUITests.debug.xcconfig"; sourceTree = "<group>"; };
/* End PBXFileReference section */

/* Begin PBXFrameworksBuildPhase section */
		1E8FB80529D08BA000847578 /* Frameworks */ = {
			isa = PBXFrameworksBuildPhase;
			buildActionMask = 2147483647;
			files = (
				C86B5D8FC92057B8EC53B524 /* Pods_MyGitHubTracker.framework in Frameworks */,
			);
			runOnlyForDeploymentPostprocessing = 0;
		};
		1E8FB81B29D08BA100847578 /* Frameworks */ = {
			isa = PBXFrameworksBuildPhase;
			buildActionMask = 2147483647;
			files = (
				C4444B5041DD4D03FDF48A8D /* Pods_MyGitHubTrackerTests.framework in Frameworks */,
			);
			runOnlyForDeploymentPostprocessing = 0;
		};
		1E8FB82529D08BA100847578 /* Frameworks */ = {
			isa = PBXFrameworksBuildPhase;
			buildActionMask = 2147483647;
			files = (
				4098E2CC4C6496DCFA4F2EF7 /* Pods_MyGitHubTracker_MyGitHubTrackerUITests.framework in Frameworks */,
			);
			runOnlyForDeploymentPostprocessing = 0;
		};
/* End PBXFrameworksBuildPhase section */

/* Begin PBXGroup section */
		1E43BF2029D453CD00C718D4 /* TableView */ = {
			isa = PBXGroup;
			children = (
				1E66CA6429D31D7300EA117A /* RepositoryViewCell.swift */,
				1E66CA6629D31D9700EA117A /* RepositoryCellViewModel.swift */,
			);
			path = TableView;
			sourceTree = "<group>";
		};
		1E66CA6129D2BA5A00EA117A /* Enum */ = {
			isa = PBXGroup;
			children = (
				1E66CA5F29D2BA4100EA117A /* Padding.swift */,
				1E66CA6829D335D400EA117A /* CustomColor.swift */,
			);
			path = Enum;
			sourceTree = "<group>";
		};
		1E8FB7FF29D08BA000847578 = {
			isa = PBXGroup;
			children = (
				1E8FB80A29D08BA000847578 /* MyGitHubTracker */,
				1E8FB82129D08BA100847578 /* MyGitHubTrackerTests */,
				1E8FB82B29D08BA100847578 /* MyGitHubTrackerUITests */,
				1E8FB80929D08BA000847578 /* Products */,
				C134D2C09F8A90564381353A /* Pods */,
				6E212E0224CF3AF173960786 /* Frameworks */,
			);
			sourceTree = "<group>";
		};
		1E8FB80929D08BA000847578 /* Products */ = {
			isa = PBXGroup;
			children = (
				1E8FB80829D08BA000847578 /* MyGitHubTracker.app */,
				1E8FB81E29D08BA100847578 /* MyGitHubTrackerTests.xctest */,
				1E8FB82829D08BA100847578 /* MyGitHubTrackerUITests.xctest */,
			);
			name = Products;
			sourceTree = "<group>";
		};
		1E8FB80A29D08BA000847578 /* MyGitHubTracker */ = {
			isa = PBXGroup;
			children = (
				1E8FB83C29D08D0500847578 /* PropertyList */,
				1E8FB83B29D08CEC00847578 /* Resource */,
				1E8FB83D29D08D1500847578 /* Source */,
			);
			path = MyGitHubTracker;
			sourceTree = "<group>";
		};
		1E8FB82129D08BA100847578 /* MyGitHubTrackerTests */ = {
			isa = PBXGroup;
			children = (
				1E8FB82229D08BA100847578 /* MyGitHubTrackerTests.swift */,
			);
			path = MyGitHubTrackerTests;
			sourceTree = "<group>";
		};
		1E8FB82B29D08BA100847578 /* MyGitHubTrackerUITests */ = {
			isa = PBXGroup;
			children = (
				1E8FB82C29D08BA100847578 /* MyGitHubTrackerUITests.swift */,
				1E8FB82E29D08BA100847578 /* MyGitHubTrackerUITestsLaunchTests.swift */,
			);
			path = MyGitHubTrackerUITests;
			sourceTree = "<group>";
		};
		1E8FB83B29D08CEC00847578 /* Resource */ = {
			isa = PBXGroup;
			children = (
				1E8FB81429D08BA100847578 /* Assets.xcassets */,
				1E8FB81629D08BA100847578 /* LaunchScreen.storyboard */,
			);
			path = Resource;
			sourceTree = "<group>";
		};
		1E8FB83C29D08D0500847578 /* PropertyList */ = {
			isa = PBXGroup;
			children = (
				1E8FB81929D08BA100847578 /* Info.plist */,
				1E8FB85329D0954500847578 /* GitHubClientKey.plist */,
			);
			path = PropertyList;
			sourceTree = "<group>";
		};
		1E8FB83D29D08D1500847578 /* Source */ = {
			isa = PBXGroup;
			children = (
				1E8FB85B29D09A1E00847578 /* Common */,
				1E8FB83E29D08DE800847578 /* Application */,
				1E8FB83F29D08E0F00847578 /* Presentation */,
				1E8FB86F29D12C1900847578 /* Domain */,
				1E8FB86E29D12BFB00847578 /* Data */,
			);
			path = Source;
			sourceTree = "<group>";
		};
		1E8FB83E29D08DE800847578 /* Application */ = {
			isa = PBXGroup;
			children = (
				1E8FB80B29D08BA000847578 /* AppDelegate.swift */,
				1E8FB80D29D08BA000847578 /* SceneDelegate.swift */,
				1E8FB85529D099E000847578 /* DefaultAppCoordinator.swift */,
			);
			path = Application;
			sourceTree = "<group>";
		};
		1E8FB83F29D08E0F00847578 /* Presentation */ = {
			isa = PBXGroup;
			children = (
				1E8FB84029D08E3100847578 /* Support */,
				1E8FB84629D08EAE00847578 /* Coordinator */,
				1E8FB86929D12B1C00847578 /* Login */,
				1E8FB8C529D1581100847578 /* Home */,
			);
			path = Presentation;
			sourceTree = "<group>";
		};
		1E8FB84029D08E3100847578 /* Support */ = {
			isa = PBXGroup;
			children = (
				1E8FB8E029D167B700847578 /* Common */,
				1E66CA6129D2BA5A00EA117A /* Enum */,
				1E8FB84129D08E3A00847578 /* Protocol */,
			);
			path = Support;
			sourceTree = "<group>";
		};
		1E8FB84129D08E3A00847578 /* Protocol */ = {
			isa = PBXGroup;
			children = (
				1E8FB84229D08E4400847578 /* MVVMInterface.swift */,
				1E43BF1E29D44ECA00C718D4 /* CellIdentifiable.swift */,
			);
			path = Protocol;
			sourceTree = "<group>";
		};
		1E8FB84629D08EAE00847578 /* Coordinator */ = {
			isa = PBXGroup;
			children = (
				1E8FB84A29D08F0500847578 /* CoordinatorType.swift */,
				1E8FB84929D08EC100847578 /* Protocol */,
				1E8FB86829D09AFB00847578 /* Action */,
			);
			path = Coordinator;
			sourceTree = "<group>";
		};
		1E8FB84929D08EC100847578 /* Protocol */ = {
			isa = PBXGroup;
			children = (
				1E8FB84729D08EBE00847578 /* Coordinator.swift */,
				1E8FB85729D099F500847578 /* AppCoordinator.swift */,
				1E8FB8DA29D1590B00847578 /* AccountCoordinator.swift */,
				1E8FB8D829D158FB00847578 /* RepoListCoordinator.swift */,
			);
			path = Protocol;
			sourceTree = "<group>";
		};
		1E8FB85B29D09A1E00847578 /* Common */ = {
			isa = PBXGroup;
			children = (
				1E8FB8E729D2515000847578 /* Support */,
				1E8FB89429D12FA100847578 /* Dependency */,
				1E8FB86029D09A4F00847578 /* PropertyWrapper */,
				1E8FB86529D09A7B00847578 /* Extension */,
			);
			path = Common;
			sourceTree = "<group>";
		};
		1E8FB86029D09A4F00847578 /* PropertyWrapper */ = {
			isa = PBXGroup;
			children = (
				1E8FB86129D09A5C00847578 /* UserDefaultsValue.swift */,
				1E8FB86329D09A6300847578 /* KeychainValue.swift */,
			);
			path = PropertyWrapper;
			sourceTree = "<group>";
		};
		1E8FB86529D09A7B00847578 /* Extension */ = {
			isa = PBXGroup;
			children = (
				1E8FB86629D09A8600847578 /* Bundle+GitHubClientKey.swift */,
				1E8FB8B129D1513400847578 /* String+toDateFormat.swift */,
				1E8FB89B29D14E6800847578 /* Rx+decodeMap.swift */,
				1E8FB8C329D155AB00847578 /* Rx+transformMap.swift */,
				1E8FB8E829D251D500847578 /* Rx+OSLog+logErrorAndMapToastMessage.swift */,
				1E8FB8E529D2512300847578 /* OSLog+LogCategory.swift */,
				1E66CA6229D2BF8300EA117A /* UIStackView+AddArrangedSubviews.swift */,
			);
			path = Extension;
			sourceTree = "<group>";
		};
		1E8FB86829D09AFB00847578 /* Action */ = {
			isa = PBXGroup;
			children = (
				1E8FB85929D099FB00847578 /* AppCoordinateAction.swift */,
				1E8FB8D429D158D800847578 /* RepoListCoordinateAction.swift */,
				1E8FB8D629D158E300847578 /* AccountCoordinateAction.swift */,
			);
			path = Action;
			sourceTree = "<group>";
		};
		1E8FB86929D12B1C00847578 /* Login */ = {
			isa = PBXGroup;
			children = (
				1E8FB86A29D12B9600847578 /* LoginViewController.swift */,
				1E8FB86C29D12B9B00847578 /* LoginViewModel.swift */,
			);
			path = Login;
			sourceTree = "<group>";
		};
		1E8FB86E29D12BFB00847578 /* Data */ = {
			isa = PBXGroup;
			children = (
				1E8FB87029D12C4000847578 /* GitHubAPI.swift */,
				1E8FB87229D12C5000847578 /* HTTPMethod.swift */,
				1E8FB87429D12C5800847578 /* TargetType.swift */,
				1E8FB85E29D09A4100847578 /* AccessToken.swift */,
				1E8FB8EA29D254C400847578 /* Error */,
				1E8FB87829D12CAA00847578 /* Service */,
				1E8FB88E29D12F1D00847578 /* Repository */,
				1E8FB87D29D12D7400847578 /* DTO */,
			);
			path = Data;
			sourceTree = "<group>";
		};
		1E8FB86F29D12C1900847578 /* Domain */ = {
			isa = PBXGroup;
			children = (
				1E8FB88229D12E3300847578 /* Entity */,
				1E8FB88329D12E3B00847578 /* Transformer */,
				1E8FB88429D12E4200847578 /* UseCase */,
			);
			path = Domain;
			sourceTree = "<group>";
		};
		1E8FB87829D12CAA00847578 /* Service */ = {
			isa = PBXGroup;
			children = (
				1E8FB87929D12CE900847578 /* URLSessionNetworkService.swift */,
				1E8FB87B29D12CF800847578 /* DefaultGitHubAuthorizationService.swift */,
			);
			path = Service;
			sourceTree = "<group>";
		};
		1E8FB87D29D12D7400847578 /* DTO */ = {
			isa = PBXGroup;
			children = (
				1E8FB87E29D12DC800847578 /* TokenDTO.swift */,
				1E8FB8A029D14F5D00847578 /* UserDTO.swift */,
				1E8FB8A229D14F6700847578 /* RepositoryDTO.swift */,
			);
			path = DTO;
			sourceTree = "<group>";
		};
		1E8FB88229D12E3300847578 /* Entity */ = {
			isa = PBXGroup;
			children = (
				1E8FB8A929D150CB00847578 /* UserEntity.swift */,
				1E8FB8AB29D150D000847578 /* RepositoryEntity.swift */,
			);
			path = Entity;
			sourceTree = "<group>";
		};
		1E8FB88329D12E3B00847578 /* Transformer */ = {
			isa = PBXGroup;
			children = (
				1E8FB8A429D14FD600847578 /* AnyTransformer.swift */,
				1E8FB8AD29D150F000847578 /* UserTransformer.swift */,
				1E8FB8AF29D150F500847578 /* RepositoryTransformer.swift */,
				1E8FB8A629D14FDD00847578 /* Protocol */,
			);
			path = Transformer;
			sourceTree = "<group>";
		};
		1E8FB88429D12E4200847578 /* UseCase */ = {
			isa = PBXGroup;
			children = (
				1E8FB88C29D12EF000847578 /* DefaultLoginUseCase.swift */,
				1E8FB8B329D151C600847578 /* DefaultRepoListUseCase.swift */,
				1E8FB8B529D151DC00847578 /* DefaultAccountUseCase.swift */,
				1E8FB88529D12E6000847578 /* Protocol */,
			);
			path = UseCase;
			sourceTree = "<group>";
		};
		1E8FB88529D12E6000847578 /* Protocol */ = {
			isa = PBXGroup;
			children = (
				1E8FB88629D12E6F00847578 /* LoginUseCase.swift */,
				1E8FB8B929D1522600847578 /* RepoListUseCase.swift */,
				1E8FB8B729D1521E00847578 /* AccountUseCase.swift */,
			);
			path = Protocol;
			sourceTree = "<group>";
		};
		1E8FB88E29D12F1D00847578 /* Repository */ = {
			isa = PBXGroup;
			children = (
				1E8FB89229D12F7500847578 /* DefaultLoginRepository.swift */,
				1E8FB8BB29D1530800847578 /* DefaultRepoListRepository.swift */,
				1E8FB8BD29D1532300847578 /* DefaultAccountRepository.swift */,
				1E8FB88F29D12F3E00847578 /* Protocol */,
			);
			path = Repository;
			sourceTree = "<group>";
		};
		1E8FB88F29D12F3E00847578 /* Protocol */ = {
			isa = PBXGroup;
			children = (
				1E8FB89029D12F4800847578 /* LoginRepository.swift */,
				1E8FB8BF29D1539800847578 /* RepoListRepository.swift */,
				1E8FB8C129D153A700847578 /* AccountRepository.swift */,
			);
			path = Protocol;
			sourceTree = "<group>";
		};
		1E8FB89429D12FA100847578 /* Dependency */ = {
			isa = PBXGroup;
			children = (
				1E8FB89529D12FA700847578 /* Container.swift */,
				1E8FB89729D12FAA00847578 /* Inject.swift */,
			);
			path = Dependency;
			sourceTree = "<group>";
		};
		1E8FB8A629D14FDD00847578 /* Protocol */ = {
			isa = PBXGroup;
			children = (
				1E8FB8A729D14FE900847578 /* Transformable.swift */,
			);
			path = Protocol;
			sourceTree = "<group>";
		};
		1E8FB8C529D1581100847578 /* Home */ = {
			isa = PBXGroup;
			children = (
				1E8FB8DE29D1596400847578 /* DefaultHomeCoordinator.swift */,
				1E8FB8C629D1581800847578 /* RepoList */,
				1E8FB8C729D1581F00847578 /* Account */,
			);
			path = Home;
			sourceTree = "<group>";
		};
		1E8FB8C629D1581800847578 /* RepoList */ = {
			isa = PBXGroup;
			children = (
				1E43BF2029D453CD00C718D4 /* TableView */,
				1E8FB8CC29D1584B00847578 /* DefaultRepoListCoordinator.swift */,
				1E8FB8CA29D1583C00847578 /* RepoListViewController.swift */,
				1E8FB8C829D1583200847578 /* RepoListViewModel.swift */,
			);
			path = RepoList;
			sourceTree = "<group>";
		};
		1E8FB8C729D1581F00847578 /* Account */ = {
			isa = PBXGroup;
			children = (
				1E8FB8CE29D1588B00847578 /* DefaultAccountCoordinator.swift */,
				1E8FB8D029D1589D00847578 /* AccountViewController.swift */,
				1E8FB8D229D158AF00847578 /* AccountViewModel.swift */,
			);
			path = Account;
			sourceTree = "<group>";
		};
		1E8FB8E029D167B700847578 /* Common */ = {
			isa = PBXGroup;
			children = (
				1E8FB8E129D167BE00847578 /* ToastLabel.swift */,
				1E66CA5D29D2B53700EA117A /* RoundedPaddingLabel.swift */,
			);
			path = Common;
			sourceTree = "<group>";
		};
		1E8FB8E729D2515000847578 /* Support */ = {
			isa = PBXGroup;
			children = (
				1E8FB85C29D09A2600847578 /* Constant.swift */,
				1E8FB8E329D250FD00847578 /* CustomLogger.swift */,
			);
			path = Support;
			sourceTree = "<group>";
		};
		1E8FB8EA29D254C400847578 /* Error */ = {
			isa = PBXGroup;
			children = (
				1E8FB87629D12C6400847578 /* NetworkError.swift */,
				1E8FB8EB29D254CE00847578 /* ToastError.swift */,
			);
			path = Error;
			sourceTree = "<group>";
		};
		6E212E0224CF3AF173960786 /* Frameworks */ = {
			isa = PBXGroup;
			children = (
				D0E9D353D9675CEA4675B41A /* Pods_MyGitHubTracker.framework */,
				EFA9D444EAB6116527466096 /* Pods_MyGitHubTracker_MyGitHubTrackerUITests.framework */,
				B0F2A2752A2A80785F305D8C /* Pods_MyGitHubTrackerTests.framework */,
			);
			name = Frameworks;
			sourceTree = "<group>";
		};
		C134D2C09F8A90564381353A /* Pods */ = {
			isa = PBXGroup;
			children = (
				2A11EF61278CA2268FFC28E7 /* Pods-MyGitHubTracker.debug.xcconfig */,
				67B45D26E868601C762F92A0 /* Pods-MyGitHubTracker.release.xcconfig */,
				F2B79689A089067FB5B8989D /* Pods-MyGitHubTracker-MyGitHubTrackerUITests.debug.xcconfig */,
				CD1A6C154AA8C58337ABE8E3 /* Pods-MyGitHubTracker-MyGitHubTrackerUITests.release.xcconfig */,
				CF61DDB75A73B1DFB2FBB5AF /* Pods-MyGitHubTrackerTests.debug.xcconfig */,
				D018BFBA04ABE55F3E22E27C /* Pods-MyGitHubTrackerTests.release.xcconfig */,
			);
			path = Pods;
			sourceTree = "<group>";
		};
/* End PBXGroup section */

/* Begin PBXNativeTarget section */
		1E8FB80729D08BA000847578 /* MyGitHubTracker */ = {
			isa = PBXNativeTarget;
			buildConfigurationList = 1E8FB83229D08BA100847578 /* Build configuration list for PBXNativeTarget "MyGitHubTracker" */;
			buildPhases = (
				1A9BFCFB5685188B4A009B4D /* [CP] Check Pods Manifest.lock */,
				1E8FB80429D08BA000847578 /* Sources */,
				1E8FB80529D08BA000847578 /* Frameworks */,
				1E8FB80629D08BA000847578 /* Resources */,
				83EB79987416DC2DE3A90988 /* [CP] Embed Pods Frameworks */,
			);
			buildRules = (
			);
			dependencies = (
			);
			name = MyGitHubTracker;
			productName = MyGitHubTracker;
			productReference = 1E8FB80829D08BA000847578 /* MyGitHubTracker.app */;
			productType = "com.apple.product-type.application";
		};
		1E8FB81D29D08BA100847578 /* MyGitHubTrackerTests */ = {
			isa = PBXNativeTarget;
			buildConfigurationList = 1E8FB83529D08BA100847578 /* Build configuration list for PBXNativeTarget "MyGitHubTrackerTests" */;
			buildPhases = (
				7D3C1CED153F694B8821511A /* [CP] Check Pods Manifest.lock */,
				1E8FB81A29D08BA100847578 /* Sources */,
				1E8FB81B29D08BA100847578 /* Frameworks */,
				1E8FB81C29D08BA100847578 /* Resources */,
			);
			buildRules = (
			);
			dependencies = (
				1E8FB82029D08BA100847578 /* PBXTargetDependency */,
			);
			name = MyGitHubTrackerTests;
			productName = MyGitHubTrackerTests;
			productReference = 1E8FB81E29D08BA100847578 /* MyGitHubTrackerTests.xctest */;
			productType = "com.apple.product-type.bundle.unit-test";
		};
		1E8FB82729D08BA100847578 /* MyGitHubTrackerUITests */ = {
			isa = PBXNativeTarget;
			buildConfigurationList = 1E8FB83829D08BA100847578 /* Build configuration list for PBXNativeTarget "MyGitHubTrackerUITests" */;
			buildPhases = (
				7CCF495E35CBBFB8BDDE32DB /* [CP] Check Pods Manifest.lock */,
				1E8FB82429D08BA100847578 /* Sources */,
				1E8FB82529D08BA100847578 /* Frameworks */,
				1E8FB82629D08BA100847578 /* Resources */,
				1F01082AFB39962B83A8B8E6 /* [CP] Embed Pods Frameworks */,
			);
			buildRules = (
			);
			dependencies = (
				1E8FB82A29D08BA100847578 /* PBXTargetDependency */,
			);
			name = MyGitHubTrackerUITests;
			productName = MyGitHubTrackerUITests;
			productReference = 1E8FB82829D08BA100847578 /* MyGitHubTrackerUITests.xctest */;
			productType = "com.apple.product-type.bundle.ui-testing";
		};
/* End PBXNativeTarget section */

/* Begin PBXProject section */
		1E8FB80029D08BA000847578 /* Project object */ = {
			isa = PBXProject;
			attributes = {
				BuildIndependentTargetsInParallel = 1;
				LastSwiftUpdateCheck = 1340;
				LastUpgradeCheck = 1340;
				TargetAttributes = {
					1E8FB80729D08BA000847578 = {
						CreatedOnToolsVersion = 13.4;
					};
					1E8FB81D29D08BA100847578 = {
						CreatedOnToolsVersion = 13.4;
						TestTargetID = 1E8FB80729D08BA000847578;
					};
					1E8FB82729D08BA100847578 = {
						CreatedOnToolsVersion = 13.4;
						TestTargetID = 1E8FB80729D08BA000847578;
					};
				};
			};
			buildConfigurationList = 1E8FB80329D08BA000847578 /* Build configuration list for PBXProject "MyGitHubTracker" */;
			compatibilityVersion = "Xcode 13.0";
			developmentRegion = en;
			hasScannedForEncodings = 0;
			knownRegions = (
				en,
				Base,
			);
			mainGroup = 1E8FB7FF29D08BA000847578;
			productRefGroup = 1E8FB80929D08BA000847578 /* Products */;
			projectDirPath = "";
			projectRoot = "";
			targets = (
				1E8FB80729D08BA000847578 /* MyGitHubTracker */,
				1E8FB81D29D08BA100847578 /* MyGitHubTrackerTests */,
				1E8FB82729D08BA100847578 /* MyGitHubTrackerUITests */,
			);
		};
/* End PBXProject section */

/* Begin PBXResourcesBuildPhase section */
		1E8FB80629D08BA000847578 /* Resources */ = {
			isa = PBXResourcesBuildPhase;
			buildActionMask = 2147483647;
			files = (
				1E8FB81829D08BA100847578 /* LaunchScreen.storyboard in Resources */,
				1E8FB81529D08BA100847578 /* Assets.xcassets in Resources */,
				1E8FB85429D0954500847578 /* GitHubClientKey.plist in Resources */,
			);
			runOnlyForDeploymentPostprocessing = 0;
		};
		1E8FB81C29D08BA100847578 /* Resources */ = {
			isa = PBXResourcesBuildPhase;
			buildActionMask = 2147483647;
			files = (
			);
			runOnlyForDeploymentPostprocessing = 0;
		};
		1E8FB82629D08BA100847578 /* Resources */ = {
			isa = PBXResourcesBuildPhase;
			buildActionMask = 2147483647;
			files = (
			);
			runOnlyForDeploymentPostprocessing = 0;
		};
/* End PBXResourcesBuildPhase section */

/* Begin PBXShellScriptBuildPhase section */
		1A9BFCFB5685188B4A009B4D /* [CP] Check Pods Manifest.lock */ = {
			isa = PBXShellScriptBuildPhase;
			buildActionMask = 2147483647;
			files = (
			);
			inputFileListPaths = (
			);
			inputPaths = (
				"${PODS_PODFILE_DIR_PATH}/Podfile.lock",
				"${PODS_ROOT}/Manifest.lock",
			);
			name = "[CP] Check Pods Manifest.lock";
			outputFileListPaths = (
			);
			outputPaths = (
				"$(DERIVED_FILE_DIR)/Pods-MyGitHubTracker-checkManifestLockResult.txt",
			);
			runOnlyForDeploymentPostprocessing = 0;
			shellPath = /bin/sh;
			shellScript = "diff \"${PODS_PODFILE_DIR_PATH}/Podfile.lock\" \"${PODS_ROOT}/Manifest.lock\" > /dev/null\nif [ $? != 0 ] ; then\n    # print error to STDERR\n    echo \"error: The sandbox is not in sync with the Podfile.lock. Run 'pod install' or update your CocoaPods installation.\" >&2\n    exit 1\nfi\n# This output is used by Xcode 'outputs' to avoid re-running this script phase.\necho \"SUCCESS\" > \"${SCRIPT_OUTPUT_FILE_0}\"\n";
			showEnvVarsInLog = 0;
		};
		1F01082AFB39962B83A8B8E6 /* [CP] Embed Pods Frameworks */ = {
			isa = PBXShellScriptBuildPhase;
			buildActionMask = 2147483647;
			files = (
			);
			inputFileListPaths = (
				"${PODS_ROOT}/Target Support Files/Pods-MyGitHubTracker-MyGitHubTrackerUITests/Pods-MyGitHubTracker-MyGitHubTrackerUITests-frameworks-${CONFIGURATION}-input-files.xcfilelist",
			);
			name = "[CP] Embed Pods Frameworks";
			outputFileListPaths = (
				"${PODS_ROOT}/Target Support Files/Pods-MyGitHubTracker-MyGitHubTrackerUITests/Pods-MyGitHubTracker-MyGitHubTrackerUITests-frameworks-${CONFIGURATION}-output-files.xcfilelist",
			);
			runOnlyForDeploymentPostprocessing = 0;
			shellPath = /bin/sh;
			shellScript = "\"${PODS_ROOT}/Target Support Files/Pods-MyGitHubTracker-MyGitHubTrackerUITests/Pods-MyGitHubTracker-MyGitHubTrackerUITests-frameworks.sh\"\n";
			showEnvVarsInLog = 0;
		};
		7CCF495E35CBBFB8BDDE32DB /* [CP] Check Pods Manifest.lock */ = {
			isa = PBXShellScriptBuildPhase;
			buildActionMask = 2147483647;
			files = (
			);
			inputFileListPaths = (
			);
			inputPaths = (
				"${PODS_PODFILE_DIR_PATH}/Podfile.lock",
				"${PODS_ROOT}/Manifest.lock",
			);
			name = "[CP] Check Pods Manifest.lock";
			outputFileListPaths = (
			);
			outputPaths = (
				"$(DERIVED_FILE_DIR)/Pods-MyGitHubTracker-MyGitHubTrackerUITests-checkManifestLockResult.txt",
			);
			runOnlyForDeploymentPostprocessing = 0;
			shellPath = /bin/sh;
			shellScript = "diff \"${PODS_PODFILE_DIR_PATH}/Podfile.lock\" \"${PODS_ROOT}/Manifest.lock\" > /dev/null\nif [ $? != 0 ] ; then\n    # print error to STDERR\n    echo \"error: The sandbox is not in sync with the Podfile.lock. Run 'pod install' or update your CocoaPods installation.\" >&2\n    exit 1\nfi\n# This output is used by Xcode 'outputs' to avoid re-running this script phase.\necho \"SUCCESS\" > \"${SCRIPT_OUTPUT_FILE_0}\"\n";
			showEnvVarsInLog = 0;
		};
		7D3C1CED153F694B8821511A /* [CP] Check Pods Manifest.lock */ = {
			isa = PBXShellScriptBuildPhase;
			buildActionMask = 2147483647;
			files = (
			);
			inputFileListPaths = (
			);
			inputPaths = (
				"${PODS_PODFILE_DIR_PATH}/Podfile.lock",
				"${PODS_ROOT}/Manifest.lock",
			);
			name = "[CP] Check Pods Manifest.lock";
			outputFileListPaths = (
			);
			outputPaths = (
				"$(DERIVED_FILE_DIR)/Pods-MyGitHubTrackerTests-checkManifestLockResult.txt",
			);
			runOnlyForDeploymentPostprocessing = 0;
			shellPath = /bin/sh;
			shellScript = "diff \"${PODS_PODFILE_DIR_PATH}/Podfile.lock\" \"${PODS_ROOT}/Manifest.lock\" > /dev/null\nif [ $? != 0 ] ; then\n    # print error to STDERR\n    echo \"error: The sandbox is not in sync with the Podfile.lock. Run 'pod install' or update your CocoaPods installation.\" >&2\n    exit 1\nfi\n# This output is used by Xcode 'outputs' to avoid re-running this script phase.\necho \"SUCCESS\" > \"${SCRIPT_OUTPUT_FILE_0}\"\n";
			showEnvVarsInLog = 0;
		};
		83EB79987416DC2DE3A90988 /* [CP] Embed Pods Frameworks */ = {
			isa = PBXShellScriptBuildPhase;
			buildActionMask = 2147483647;
			files = (
			);
			inputFileListPaths = (
				"${PODS_ROOT}/Target Support Files/Pods-MyGitHubTracker/Pods-MyGitHubTracker-frameworks-${CONFIGURATION}-input-files.xcfilelist",
			);
			name = "[CP] Embed Pods Frameworks";
			outputFileListPaths = (
				"${PODS_ROOT}/Target Support Files/Pods-MyGitHubTracker/Pods-MyGitHubTracker-frameworks-${CONFIGURATION}-output-files.xcfilelist",
			);
			runOnlyForDeploymentPostprocessing = 0;
			shellPath = /bin/sh;
			shellScript = "\"${PODS_ROOT}/Target Support Files/Pods-MyGitHubTracker/Pods-MyGitHubTracker-frameworks.sh\"\n";
			showEnvVarsInLog = 0;
		};
/* End PBXShellScriptBuildPhase section */

/* Begin PBXSourcesBuildPhase section */
		1E8FB80429D08BA000847578 /* Sources */ = {
			isa = PBXSourcesBuildPhase;
			buildActionMask = 2147483647;
			files = (
				1E8FB89C29D14E6800847578 /* Rx+decodeMap.swift in Sources */,
				1E43BF1F29D44ECA00C718D4 /* CellIdentifiable.swift in Sources */,
				1E8FB8D529D158D800847578 /* RepoListCoordinateAction.swift in Sources */,
				1E8FB8AC29D150D000847578 /* RepositoryEntity.swift in Sources */,
				1E8FB8D129D1589D00847578 /* AccountViewController.swift in Sources */,
				1E8FB8B229D1513400847578 /* String+toDateFormat.swift in Sources */,
				1E8FB8BE29D1532300847578 /* DefaultAccountRepository.swift in Sources */,
				1E66CA6529D31D7300EA117A /* RepositoryViewCell.swift in Sources */,
				1E8FB89829D12FAA00847578 /* Inject.swift in Sources */,
				1E66CA6929D335D400EA117A /* CustomColor.swift in Sources */,
				1E8FB89129D12F4800847578 /* LoginRepository.swift in Sources */,
				1E66CA6329D2BF8300EA117A /* UIStackView+AddArrangedSubviews.swift in Sources */,
				1E66CA6729D31D9700EA117A /* RepositoryCellViewModel.swift in Sources */,
				1E8FB8DB29D1590B00847578 /* AccountCoordinator.swift in Sources */,
				1E8FB8BA29D1522600847578 /* RepoListUseCase.swift in Sources */,
				1E8FB86B29D12B9600847578 /* LoginViewController.swift in Sources */,
				1E8FB84829D08EBE00847578 /* Coordinator.swift in Sources */,
				1E8FB80C29D08BA000847578 /* AppDelegate.swift in Sources */,
				1E8FB8B429D151C600847578 /* DefaultRepoListUseCase.swift in Sources */,
				1E8FB86229D09A5C00847578 /* UserDefaultsValue.swift in Sources */,
				1E8FB8CB29D1583C00847578 /* RepoListViewController.swift in Sources */,
				1E8FB8B029D150F500847578 /* RepositoryTransformer.swift in Sources */,
				1E8FB8C429D155AB00847578 /* Rx+transformMap.swift in Sources */,
				1E8FB85D29D09A2600847578 /* Constant.swift in Sources */,
				1E8FB8BC29D1530800847578 /* DefaultRepoListRepository.swift in Sources */,
				1E8FB8CF29D1588B00847578 /* DefaultAccountCoordinator.swift in Sources */,
				1E8FB85629D099E000847578 /* DefaultAppCoordinator.swift in Sources */,
				1E8FB8E929D251D500847578 /* Rx+OSLog+logErrorAndMapToastMessage.swift in Sources */,
				1E8FB85A29D099FB00847578 /* AppCoordinateAction.swift in Sources */,
				1E8FB8A529D14FD600847578 /* AnyTransformer.swift in Sources */,
				1E8FB87129D12C4000847578 /* GitHubAPI.swift in Sources */,
				1E8FB8A329D14F6700847578 /* RepositoryDTO.swift in Sources */,
				1E8FB8D329D158AF00847578 /* AccountViewModel.swift in Sources */,
				1E8FB8D929D158FB00847578 /* RepoListCoordinator.swift in Sources */,
				1E8FB8AE29D150F000847578 /* UserTransformer.swift in Sources */,
				1E8FB8C029D1539800847578 /* RepoListRepository.swift in Sources */,
				1E8FB8D729D158E300847578 /* AccountCoordinateAction.swift in Sources */,
				1E8FB8E229D167BE00847578 /* ToastLabel.swift in Sources */,
				1E8FB8CD29D1584B00847578 /* DefaultRepoListCoordinator.swift in Sources */,
				1E8FB84329D08E4400847578 /* MVVMInterface.swift in Sources */,
				1E8FB8DF29D1596400847578 /* DefaultHomeCoordinator.swift in Sources */,
				1E66CA5E29D2B53700EA117A /* RoundedPaddingLabel.swift in Sources */,
				1E8FB87F29D12DC800847578 /* TokenDTO.swift in Sources */,
				1E8FB86D29D12B9B00847578 /* LoginViewModel.swift in Sources */,
				1E8FB86429D09A6300847578 /* KeychainValue.swift in Sources */,
				1E8FB80E29D08BA000847578 /* SceneDelegate.swift in Sources */,
				1E8FB87529D12C5800847578 /* TargetType.swift in Sources */,
				1E8FB8B829D1521E00847578 /* AccountUseCase.swift in Sources */,
				1E8FB8A829D14FE900847578 /* Transformable.swift in Sources */,
				1E8FB8B629D151DC00847578 /* DefaultAccountUseCase.swift in Sources */,
				1E8FB8C929D1583200847578 /* RepoListViewModel.swift in Sources */,
				1E8FB8E429D250FD00847578 /* CustomLogger.swift in Sources */,
				1E8FB87329D12C5000847578 /* HTTPMethod.swift in Sources */,
				1E8FB8E629D2512300847578 /* OSLog+LogCategory.swift in Sources */,
				1E8FB8A129D14F5D00847578 /* UserDTO.swift in Sources */,
				1E8FB8EC29D254CE00847578 /* ToastError.swift in Sources */,
				1E8FB89629D12FA700847578 /* Container.swift in Sources */,
				1E66CA6029D2BA4100EA117A /* Padding.swift in Sources */,
				1E8FB8AA29D150CB00847578 /* UserEntity.swift in Sources */,
				1E8FB86729D09A8600847578 /* Bundle+GitHubClientKey.swift in Sources */,
				1E8FB8C229D153A700847578 /* AccountRepository.swift in Sources */,
				1E8FB84B29D08F0500847578 /* CoordinatorType.swift in Sources */,
				1E8FB87C29D12CF800847578 /* DefaultGitHubAuthorizationService.swift in Sources */,
				1E8FB88729D12E6F00847578 /* LoginUseCase.swift in Sources */,
				1E8FB88D29D12EF000847578 /* DefaultLoginUseCase.swift in Sources */,
				1E8FB85829D099F500847578 /* AppCoordinator.swift in Sources */,
				1E8FB85F29D09A4100847578 /* AccessToken.swift in Sources */,
				1E8FB87729D12C6400847578 /* NetworkError.swift in Sources */,
				1E8FB87A29D12CE900847578 /* URLSessionNetworkService.swift in Sources */,
				1E8FB89329D12F7500847578 /* DefaultLoginRepository.swift in Sources */,
			);
			runOnlyForDeploymentPostprocessing = 0;
		};
		1E8FB81A29D08BA100847578 /* Sources */ = {
			isa = PBXSourcesBuildPhase;
			buildActionMask = 2147483647;
			files = (
				1E8FB82329D08BA100847578 /* MyGitHubTrackerTests.swift in Sources */,
			);
			runOnlyForDeploymentPostprocessing = 0;
		};
		1E8FB82429D08BA100847578 /* Sources */ = {
			isa = PBXSourcesBuildPhase;
			buildActionMask = 2147483647;
			files = (
				1E8FB82F29D08BA100847578 /* MyGitHubTrackerUITestsLaunchTests.swift in Sources */,
				1E8FB82D29D08BA100847578 /* MyGitHubTrackerUITests.swift in Sources */,
			);
			runOnlyForDeploymentPostprocessing = 0;
		};
/* End PBXSourcesBuildPhase section */

/* Begin PBXTargetDependency section */
		1E8FB82029D08BA100847578 /* PBXTargetDependency */ = {
			isa = PBXTargetDependency;
			target = 1E8FB80729D08BA000847578 /* MyGitHubTracker */;
			targetProxy = 1E8FB81F29D08BA100847578 /* PBXContainerItemProxy */;
		};
		1E8FB82A29D08BA100847578 /* PBXTargetDependency */ = {
			isa = PBXTargetDependency;
			target = 1E8FB80729D08BA000847578 /* MyGitHubTracker */;
			targetProxy = 1E8FB82929D08BA100847578 /* PBXContainerItemProxy */;
		};
/* End PBXTargetDependency section */

/* Begin PBXVariantGroup section */
		1E8FB81629D08BA100847578 /* LaunchScreen.storyboard */ = {
			isa = PBXVariantGroup;
			children = (
				1E8FB81729D08BA100847578 /* Base */,
			);
			name = LaunchScreen.storyboard;
			sourceTree = "<group>";
		};
/* End PBXVariantGroup section */

/* Begin XCBuildConfiguration section */
		1E8FB83029D08BA100847578 /* Debug */ = {
			isa = XCBuildConfiguration;
			buildSettings = {
				ALWAYS_SEARCH_USER_PATHS = NO;
				CLANG_ANALYZER_NONNULL = YES;
				CLANG_ANALYZER_NUMBER_OBJECT_CONVERSION = YES_AGGRESSIVE;
				CLANG_CXX_LANGUAGE_STANDARD = "gnu++17";
				CLANG_ENABLE_MODULES = YES;
				CLANG_ENABLE_OBJC_ARC = YES;
				CLANG_ENABLE_OBJC_WEAK = YES;
				CLANG_WARN_BLOCK_CAPTURE_AUTORELEASING = YES;
				CLANG_WARN_BOOL_CONVERSION = YES;
				CLANG_WARN_COMMA = YES;
				CLANG_WARN_CONSTANT_CONVERSION = YES;
				CLANG_WARN_DEPRECATED_OBJC_IMPLEMENTATIONS = YES;
				CLANG_WARN_DIRECT_OBJC_ISA_USAGE = YES_ERROR;
				CLANG_WARN_DOCUMENTATION_COMMENTS = YES;
				CLANG_WARN_EMPTY_BODY = YES;
				CLANG_WARN_ENUM_CONVERSION = YES;
				CLANG_WARN_INFINITE_RECURSION = YES;
				CLANG_WARN_INT_CONVERSION = YES;
				CLANG_WARN_NON_LITERAL_NULL_CONVERSION = YES;
				CLANG_WARN_OBJC_IMPLICIT_RETAIN_SELF = YES;
				CLANG_WARN_OBJC_LITERAL_CONVERSION = YES;
				CLANG_WARN_OBJC_ROOT_CLASS = YES_ERROR;
				CLANG_WARN_QUOTED_INCLUDE_IN_FRAMEWORK_HEADER = YES;
				CLANG_WARN_RANGE_LOOP_ANALYSIS = YES;
				CLANG_WARN_STRICT_PROTOTYPES = YES;
				CLANG_WARN_SUSPICIOUS_MOVE = YES;
				CLANG_WARN_UNGUARDED_AVAILABILITY = YES_AGGRESSIVE;
				CLANG_WARN_UNREACHABLE_CODE = YES;
				CLANG_WARN__DUPLICATE_METHOD_MATCH = YES;
				COPY_PHASE_STRIP = NO;
				DEBUG_INFORMATION_FORMAT = dwarf;
				ENABLE_STRICT_OBJC_MSGSEND = YES;
				ENABLE_TESTABILITY = YES;
				GCC_C_LANGUAGE_STANDARD = gnu11;
				GCC_DYNAMIC_NO_PIC = NO;
				GCC_NO_COMMON_BLOCKS = YES;
				GCC_OPTIMIZATION_LEVEL = 0;
				GCC_PREPROCESSOR_DEFINITIONS = (
					"DEBUG=1",
					"$(inherited)",
				);
				GCC_WARN_64_TO_32_BIT_CONVERSION = YES;
				GCC_WARN_ABOUT_RETURN_TYPE = YES_ERROR;
				GCC_WARN_UNDECLARED_SELECTOR = YES;
				GCC_WARN_UNINITIALIZED_AUTOS = YES_AGGRESSIVE;
				GCC_WARN_UNUSED_FUNCTION = YES;
				GCC_WARN_UNUSED_VARIABLE = YES;
				IPHONEOS_DEPLOYMENT_TARGET = 15.0;
				MTL_ENABLE_DEBUG_INFO = INCLUDE_SOURCE;
				MTL_FAST_MATH = YES;
				ONLY_ACTIVE_ARCH = YES;
				SDKROOT = iphoneos;
				SWIFT_ACTIVE_COMPILATION_CONDITIONS = DEBUG;
				SWIFT_OPTIMIZATION_LEVEL = "-Onone";
			};
			name = Debug;
		};
		1E8FB83129D08BA100847578 /* Release */ = {
			isa = XCBuildConfiguration;
			buildSettings = {
				ALWAYS_SEARCH_USER_PATHS = NO;
				CLANG_ANALYZER_NONNULL = YES;
				CLANG_ANALYZER_NUMBER_OBJECT_CONVERSION = YES_AGGRESSIVE;
				CLANG_CXX_LANGUAGE_STANDARD = "gnu++17";
				CLANG_ENABLE_MODULES = YES;
				CLANG_ENABLE_OBJC_ARC = YES;
				CLANG_ENABLE_OBJC_WEAK = YES;
				CLANG_WARN_BLOCK_CAPTURE_AUTORELEASING = YES;
				CLANG_WARN_BOOL_CONVERSION = YES;
				CLANG_WARN_COMMA = YES;
				CLANG_WARN_CONSTANT_CONVERSION = YES;
				CLANG_WARN_DEPRECATED_OBJC_IMPLEMENTATIONS = YES;
				CLANG_WARN_DIRECT_OBJC_ISA_USAGE = YES_ERROR;
				CLANG_WARN_DOCUMENTATION_COMMENTS = YES;
				CLANG_WARN_EMPTY_BODY = YES;
				CLANG_WARN_ENUM_CONVERSION = YES;
				CLANG_WARN_INFINITE_RECURSION = YES;
				CLANG_WARN_INT_CONVERSION = YES;
				CLANG_WARN_NON_LITERAL_NULL_CONVERSION = YES;
				CLANG_WARN_OBJC_IMPLICIT_RETAIN_SELF = YES;
				CLANG_WARN_OBJC_LITERAL_CONVERSION = YES;
				CLANG_WARN_OBJC_ROOT_CLASS = YES_ERROR;
				CLANG_WARN_QUOTED_INCLUDE_IN_FRAMEWORK_HEADER = YES;
				CLANG_WARN_RANGE_LOOP_ANALYSIS = YES;
				CLANG_WARN_STRICT_PROTOTYPES = YES;
				CLANG_WARN_SUSPICIOUS_MOVE = YES;
				CLANG_WARN_UNGUARDED_AVAILABILITY = YES_AGGRESSIVE;
				CLANG_WARN_UNREACHABLE_CODE = YES;
				CLANG_WARN__DUPLICATE_METHOD_MATCH = YES;
				COPY_PHASE_STRIP = NO;
				DEBUG_INFORMATION_FORMAT = "dwarf-with-dsym";
				ENABLE_NS_ASSERTIONS = NO;
				ENABLE_STRICT_OBJC_MSGSEND = YES;
				GCC_C_LANGUAGE_STANDARD = gnu11;
				GCC_NO_COMMON_BLOCKS = YES;
				GCC_WARN_64_TO_32_BIT_CONVERSION = YES;
				GCC_WARN_ABOUT_RETURN_TYPE = YES_ERROR;
				GCC_WARN_UNDECLARED_SELECTOR = YES;
				GCC_WARN_UNINITIALIZED_AUTOS = YES_AGGRESSIVE;
				GCC_WARN_UNUSED_FUNCTION = YES;
				GCC_WARN_UNUSED_VARIABLE = YES;
				IPHONEOS_DEPLOYMENT_TARGET = 15.0;
				MTL_ENABLE_DEBUG_INFO = NO;
				MTL_FAST_MATH = YES;
				SDKROOT = iphoneos;
				SWIFT_COMPILATION_MODE = wholemodule;
				SWIFT_OPTIMIZATION_LEVEL = "-O";
				VALIDATE_PRODUCT = YES;
			};
			name = Release;
		};
		1E8FB83329D08BA100847578 /* Debug */ = {
			isa = XCBuildConfiguration;
			baseConfigurationReference = 2A11EF61278CA2268FFC28E7 /* Pods-MyGitHubTracker.debug.xcconfig */;
			buildSettings = {
				ASSETCATALOG_COMPILER_APPICON_NAME = AppIcon;
				ASSETCATALOG_COMPILER_GLOBAL_ACCENT_COLOR_NAME = AccentColor;
				CODE_SIGN_STYLE = Automatic;
				CURRENT_PROJECT_VERSION = 1;
				DEVELOPMENT_TEAM = MPN6WL3W3U;
				GENERATE_INFOPLIST_FILE = YES;
				INFOPLIST_FILE = MyGitHubTracker/PropertyList/Info.plist;
				INFOPLIST_KEY_UIApplicationSupportsIndirectInputEvents = YES;
				INFOPLIST_KEY_UILaunchStoryboardName = LaunchScreen;
				INFOPLIST_KEY_UISupportedInterfaceOrientations_iPad = "UIInterfaceOrientationPortrait UIInterfaceOrientationPortraitUpsideDown UIInterfaceOrientationLandscapeLeft UIInterfaceOrientationLandscapeRight";
				INFOPLIST_KEY_UISupportedInterfaceOrientations_iPhone = "UIInterfaceOrientationPortrait UIInterfaceOrientationLandscapeLeft UIInterfaceOrientationLandscapeRight";
				LD_RUNPATH_SEARCH_PATHS = (
					"$(inherited)",
					"@executable_path/Frameworks",
				);
				MARKETING_VERSION = 1.0;
				PRODUCT_BUNDLE_IDENTIFIER = com.sanghyeok.test.MyGitHubTracker;
				PRODUCT_NAME = "$(TARGET_NAME)";
				SWIFT_EMIT_LOC_STRINGS = YES;
				SWIFT_VERSION = 5.0;
				TARGETED_DEVICE_FAMILY = "1,2";
			};
			name = Debug;
		};
		1E8FB83429D08BA100847578 /* Release */ = {
			isa = XCBuildConfiguration;
			baseConfigurationReference = 67B45D26E868601C762F92A0 /* Pods-MyGitHubTracker.release.xcconfig */;
			buildSettings = {
				ASSETCATALOG_COMPILER_APPICON_NAME = AppIcon;
				ASSETCATALOG_COMPILER_GLOBAL_ACCENT_COLOR_NAME = AccentColor;
				CODE_SIGN_STYLE = Automatic;
				CURRENT_PROJECT_VERSION = 1;
				DEVELOPMENT_TEAM = MPN6WL3W3U;
				GENERATE_INFOPLIST_FILE = YES;
				INFOPLIST_FILE = MyGitHubTracker/PropertyList/Info.plist;
				INFOPLIST_KEY_UIApplicationSupportsIndirectInputEvents = YES;
				INFOPLIST_KEY_UILaunchStoryboardName = LaunchScreen;
				INFOPLIST_KEY_UISupportedInterfaceOrientations_iPad = "UIInterfaceOrientationPortrait UIInterfaceOrientationPortraitUpsideDown UIInterfaceOrientationLandscapeLeft UIInterfaceOrientationLandscapeRight";
				INFOPLIST_KEY_UISupportedInterfaceOrientations_iPhone = "UIInterfaceOrientationPortrait UIInterfaceOrientationLandscapeLeft UIInterfaceOrientationLandscapeRight";
				LD_RUNPATH_SEARCH_PATHS = (
					"$(inherited)",
					"@executable_path/Frameworks",
				);
				MARKETING_VERSION = 1.0;
				PRODUCT_BUNDLE_IDENTIFIER = com.sanghyeok.test.MyGitHubTracker;
				PRODUCT_NAME = "$(TARGET_NAME)";
				SWIFT_EMIT_LOC_STRINGS = YES;
				SWIFT_VERSION = 5.0;
				TARGETED_DEVICE_FAMILY = "1,2";
			};
			name = Release;
		};
		1E8FB83629D08BA100847578 /* Debug */ = {
			isa = XCBuildConfiguration;
			baseConfigurationReference = CF61DDB75A73B1DFB2FBB5AF /* Pods-MyGitHubTrackerTests.debug.xcconfig */;
			buildSettings = {
				ALWAYS_EMBED_SWIFT_STANDARD_LIBRARIES = YES;
				BUNDLE_LOADER = "$(TEST_HOST)";
				CODE_SIGN_STYLE = Automatic;
				CURRENT_PROJECT_VERSION = 1;
				DEVELOPMENT_TEAM = MPN6WL3W3U;
				GENERATE_INFOPLIST_FILE = YES;
				IPHONEOS_DEPLOYMENT_TARGET = 15.5;
				MARKETING_VERSION = 1.0;
				PRODUCT_BUNDLE_IDENTIFIER = com.sanghyeok.test.MyGitHubTrackerTests;
				PRODUCT_NAME = "$(TARGET_NAME)";
				SWIFT_EMIT_LOC_STRINGS = NO;
				SWIFT_VERSION = 5.0;
				TARGETED_DEVICE_FAMILY = "1,2";
				TEST_HOST = "$(BUILT_PRODUCTS_DIR)/MyGitHubTracker.app/MyGitHubTracker";
			};
			name = Debug;
		};
		1E8FB83729D08BA100847578 /* Release */ = {
			isa = XCBuildConfiguration;
			baseConfigurationReference = D018BFBA04ABE55F3E22E27C /* Pods-MyGitHubTrackerTests.release.xcconfig */;
			buildSettings = {
				ALWAYS_EMBED_SWIFT_STANDARD_LIBRARIES = YES;
				BUNDLE_LOADER = "$(TEST_HOST)";
				CODE_SIGN_STYLE = Automatic;
				CURRENT_PROJECT_VERSION = 1;
				DEVELOPMENT_TEAM = MPN6WL3W3U;
				GENERATE_INFOPLIST_FILE = YES;
				IPHONEOS_DEPLOYMENT_TARGET = 15.5;
				MARKETING_VERSION = 1.0;
				PRODUCT_BUNDLE_IDENTIFIER = com.sanghyeok.test.MyGitHubTrackerTests;
				PRODUCT_NAME = "$(TARGET_NAME)";
				SWIFT_EMIT_LOC_STRINGS = NO;
				SWIFT_VERSION = 5.0;
				TARGETED_DEVICE_FAMILY = "1,2";
				TEST_HOST = "$(BUILT_PRODUCTS_DIR)/MyGitHubTracker.app/MyGitHubTracker";
			};
			name = Release;
		};
		1E8FB83929D08BA100847578 /* Debug */ = {
			isa = XCBuildConfiguration;
			baseConfigurationReference = F2B79689A089067FB5B8989D /* Pods-MyGitHubTracker-MyGitHubTrackerUITests.debug.xcconfig */;
			buildSettings = {
				ALWAYS_EMBED_SWIFT_STANDARD_LIBRARIES = YES;
				CODE_SIGN_STYLE = Automatic;
				CURRENT_PROJECT_VERSION = 1;
				DEVELOPMENT_TEAM = MPN6WL3W3U;
				GENERATE_INFOPLIST_FILE = YES;
				MARKETING_VERSION = 1.0;
				PRODUCT_BUNDLE_IDENTIFIER = com.sanghyeok.test.MyGitHubTrackerUITests;
				PRODUCT_NAME = "$(TARGET_NAME)";
				SWIFT_EMIT_LOC_STRINGS = NO;
				SWIFT_VERSION = 5.0;
				TARGETED_DEVICE_FAMILY = "1,2";
				TEST_TARGET_NAME = MyGitHubTracker;
			};
			name = Debug;
		};
		1E8FB83A29D08BA100847578 /* Release */ = {
			isa = XCBuildConfiguration;
			baseConfigurationReference = CD1A6C154AA8C58337ABE8E3 /* Pods-MyGitHubTracker-MyGitHubTrackerUITests.release.xcconfig */;
			buildSettings = {
				ALWAYS_EMBED_SWIFT_STANDARD_LIBRARIES = YES;
				CODE_SIGN_STYLE = Automatic;
				CURRENT_PROJECT_VERSION = 1;
				DEVELOPMENT_TEAM = MPN6WL3W3U;
				GENERATE_INFOPLIST_FILE = YES;
				MARKETING_VERSION = 1.0;
				PRODUCT_BUNDLE_IDENTIFIER = com.sanghyeok.test.MyGitHubTrackerUITests;
				PRODUCT_NAME = "$(TARGET_NAME)";
				SWIFT_EMIT_LOC_STRINGS = NO;
				SWIFT_VERSION = 5.0;
				TARGETED_DEVICE_FAMILY = "1,2";
				TEST_TARGET_NAME = MyGitHubTracker;
			};
			name = Release;
		};
/* End XCBuildConfiguration section */

/* Begin XCConfigurationList section */
		1E8FB80329D08BA000847578 /* Build configuration list for PBXProject "MyGitHubTracker" */ = {
			isa = XCConfigurationList;
			buildConfigurations = (
				1E8FB83029D08BA100847578 /* Debug */,
				1E8FB83129D08BA100847578 /* Release */,
			);
			defaultConfigurationIsVisible = 0;
			defaultConfigurationName = Release;
		};
		1E8FB83229D08BA100847578 /* Build configuration list for PBXNativeTarget "MyGitHubTracker" */ = {
			isa = XCConfigurationList;
			buildConfigurations = (
				1E8FB83329D08BA100847578 /* Debug */,
				1E8FB83429D08BA100847578 /* Release */,
			);
			defaultConfigurationIsVisible = 0;
			defaultConfigurationName = Release;
		};
		1E8FB83529D08BA100847578 /* Build configuration list for PBXNativeTarget "MyGitHubTrackerTests" */ = {
			isa = XCConfigurationList;
			buildConfigurations = (
				1E8FB83629D08BA100847578 /* Debug */,
				1E8FB83729D08BA100847578 /* Release */,
			);
			defaultConfigurationIsVisible = 0;
			defaultConfigurationName = Release;
		};
		1E8FB83829D08BA100847578 /* Build configuration list for PBXNativeTarget "MyGitHubTrackerUITests" */ = {
			isa = XCConfigurationList;
			buildConfigurations = (
				1E8FB83929D08BA100847578 /* Debug */,
				1E8FB83A29D08BA100847578 /* Release */,
			);
			defaultConfigurationIsVisible = 0;
			defaultConfigurationName = Release;
		};
/* End XCConfigurationList section */
	};
	rootObject = 1E8FB80029D08BA000847578 /* Project object */;
}
